// !$*UTF8*$!
{
	archiveVersion = 1;
	classes = {
	};
	objectVersion = 56;
	objects = {

/* Begin PBXBuildFile section */
		AB799F052B1E6261004841BC /* baseProyectoApp.swift in Sources */ = {isa = PBXBuildFile; fileRef = AB799F042B1E6261004841BC /* baseProyectoApp.swift */; };
		AB799F092B1E6272004841BC /* Assets.xcassets in Resources */ = {isa = PBXBuildFile; fileRef = AB799F082B1E6272004841BC /* Assets.xcassets */; };
		AB799F0C2B1E6272004841BC /* Preview Assets.xcassets in Resources */ = {isa = PBXBuildFile; fileRef = AB799F0B2B1E6272004841BC /* Preview Assets.xcassets */; };
		AB799F162B1E6272004841BC /* baseProyectoTests.swift in Sources */ = {isa = PBXBuildFile; fileRef = AB799F152B1E6272004841BC /* baseProyectoTests.swift */; };
		AB799F202B1E6272004841BC /* baseProyectoUITests.swift in Sources */ = {isa = PBXBuildFile; fileRef = AB799F1F2B1E6272004841BC /* baseProyectoUITests.swift */; };
		AB799F222B1E6272004841BC /* baseProyectoUITestsLaunchTests.swift in Sources */ = {isa = PBXBuildFile; fileRef = AB799F212B1E6272004841BC /* baseProyectoUITestsLaunchTests.swift */; };
		BE77BE3F2B20CAFA008CE3B9 /* ContentView.swift in Sources */ = {isa = PBXBuildFile; fileRef = BE77BE3E2B20CAFA008CE3B9 /* ContentView.swift */; };
		BE77BE412B20DD56008CE3B9 /* LoginRegistro1View.swift in Sources */ = {isa = PBXBuildFile; fileRef = BE77BE402B20DD56008CE3B9 /* LoginRegistro1View.swift */; };
		BE77BE432B20DD68008CE3B9 /* LoginRegistro2View.swift in Sources */ = {isa = PBXBuildFile; fileRef = BE77BE422B20DD68008CE3B9 /* LoginRegistro2View.swift */; };
		BE77BE452B20E0AE008CE3B9 /* CameraView.swift in Sources */ = {isa = PBXBuildFile; fileRef = BE77BE442B20E0AE008CE3B9 /* CameraView.swift */; };
		BE77BE472B20E0B8008CE3B9 /* SelectPictureView.swift in Sources */ = {isa = PBXBuildFile; fileRef = BE77BE462B20E0B8008CE3B9 /* SelectPictureView.swift */; };
		BEC848C42B1F9C430026E4EB /* IntroView.swift in Sources */ = {isa = PBXBuildFile; fileRef = BEC848C32B1F9C430026E4EB /* IntroView.swift */; };
		BEC848C72B1FA5940026E4EB /* UnderlineView.swift in Sources */ = {isa = PBXBuildFile; fileRef = BEC848C62B1FA5940026E4EB /* UnderlineView.swift */; };
		BEC848C92B1FA6310026E4EB /* LoginView.swift in Sources */ = {isa = PBXBuildFile; fileRef = BEC848C82B1FA6310026E4EB /* LoginView.swift */; };
		BEC848CB2B1FB4CE0026E4EB /* OnBoardingView.swift in Sources */ = {isa = PBXBuildFile; fileRef = BEC848CA2B1FB4CE0026E4EB /* OnBoardingView.swift */; };
		BEC848CD2B1FB6290026E4EB /* HomeView.swift in Sources */ = {isa = PBXBuildFile; fileRef = BEC848CC2B1FB6290026E4EB /* HomeView.swift */; };
		BEC848D12B1FD05D0026E4EB /* RecompensasView.swift in Sources */ = {isa = PBXBuildFile; fileRef = BEC848D02B1FD05D0026E4EB /* RecompensasView.swift */; };
/* End PBXBuildFile section */

/* Begin PBXContainerItemProxy section */
		AB799F122B1E6272004841BC /* PBXContainerItemProxy */ = {
			isa = PBXContainerItemProxy;
			containerPortal = AB799EF92B1E6261004841BC /* Project object */;
			proxyType = 1;
			remoteGlobalIDString = AB799F002B1E6261004841BC;
			remoteInfo = baseProyecto;
		};
		AB799F1C2B1E6272004841BC /* PBXContainerItemProxy */ = {
			isa = PBXContainerItemProxy;
			containerPortal = AB799EF92B1E6261004841BC /* Project object */;
			proxyType = 1;
			remoteGlobalIDString = AB799F002B1E6261004841BC;
			remoteInfo = baseProyecto;
		};
/* End PBXContainerItemProxy section */

/* Begin PBXFileReference section */
		AB799F012B1E6261004841BC /* baseProyecto.app */ = {isa = PBXFileReference; explicitFileType = wrapper.application; includeInIndex = 0; path = baseProyecto.app; sourceTree = BUILT_PRODUCTS_DIR; };
		AB799F042B1E6261004841BC /* baseProyectoApp.swift */ = {isa = PBXFileReference; lastKnownFileType = sourcecode.swift; path = baseProyectoApp.swift; sourceTree = "<group>"; };
		AB799F082B1E6272004841BC /* Assets.xcassets */ = {isa = PBXFileReference; lastKnownFileType = folder.assetcatalog; path = Assets.xcassets; sourceTree = "<group>"; };
		AB799F0B2B1E6272004841BC /* Preview Assets.xcassets */ = {isa = PBXFileReference; lastKnownFileType = folder.assetcatalog; path = "Preview Assets.xcassets"; sourceTree = "<group>"; };
		AB799F112B1E6272004841BC /* baseProyectoTests.xctest */ = {isa = PBXFileReference; explicitFileType = wrapper.cfbundle; includeInIndex = 0; path = baseProyectoTests.xctest; sourceTree = BUILT_PRODUCTS_DIR; };
		AB799F152B1E6272004841BC /* baseProyectoTests.swift */ = {isa = PBXFileReference; lastKnownFileType = sourcecode.swift; path = baseProyectoTests.swift; sourceTree = "<group>"; };
		AB799F1B2B1E6272004841BC /* baseProyectoUITests.xctest */ = {isa = PBXFileReference; explicitFileType = wrapper.cfbundle; includeInIndex = 0; path = baseProyectoUITests.xctest; sourceTree = BUILT_PRODUCTS_DIR; };
		AB799F1F2B1E6272004841BC /* baseProyectoUITests.swift */ = {isa = PBXFileReference; lastKnownFileType = sourcecode.swift; path = baseProyectoUITests.swift; sourceTree = "<group>"; };
		AB799F212B1E6272004841BC /* baseProyectoUITestsLaunchTests.swift */ = {isa = PBXFileReference; lastKnownFileType = sourcecode.swift; path = baseProyectoUITestsLaunchTests.swift; sourceTree = "<group>"; };
		BE77BE3E2B20CAFA008CE3B9 /* ContentView.swift */ = {isa = PBXFileReference; fileEncoding = 4; lastKnownFileType = sourcecode.swift; path = ContentView.swift; sourceTree = "<group>"; };
		BE77BE402B20DD56008CE3B9 /* LoginRegistro1View.swift */ = {isa = PBXFileReference; lastKnownFileType = sourcecode.swift; path = LoginRegistro1View.swift; sourceTree = "<group>"; };
		BE77BE422B20DD68008CE3B9 /* LoginRegistro2View.swift */ = {isa = PBXFileReference; lastKnownFileType = sourcecode.swift; path = LoginRegistro2View.swift; sourceTree = "<group>"; };
		BE77BE442B20E0AE008CE3B9 /* CameraView.swift */ = {isa = PBXFileReference; fileEncoding = 4; lastKnownFileType = sourcecode.swift; path = CameraView.swift; sourceTree = "<group>"; };
		BE77BE462B20E0B8008CE3B9 /* SelectPictureView.swift */ = {isa = PBXFileReference; fileEncoding = 4; lastKnownFileType = sourcecode.swift; path = SelectPictureView.swift; sourceTree = "<group>"; };
		BEC848C32B1F9C430026E4EB /* IntroView.swift */ = {isa = PBXFileReference; lastKnownFileType = sourcecode.swift; path = IntroView.swift; sourceTree = "<group>"; };
		BEC848C62B1FA5940026E4EB /* UnderlineView.swift */ = {isa = PBXFileReference; lastKnownFileType = sourcecode.swift; path = UnderlineView.swift; sourceTree = "<group>"; };
		BEC848C82B1FA6310026E4EB /* LoginView.swift */ = {isa = PBXFileReference; lastKnownFileType = sourcecode.swift; path = LoginView.swift; sourceTree = "<group>"; };
		BEC848CA2B1FB4CE0026E4EB /* OnBoardingView.swift */ = {isa = PBXFileReference; fileEncoding = 4; lastKnownFileType = sourcecode.swift; path = OnBoardingView.swift; sourceTree = "<group>"; };
		BEC848CC2B1FB6290026E4EB /* HomeView.swift */ = {isa = PBXFileReference; fileEncoding = 4; lastKnownFileType = sourcecode.swift; path = HomeView.swift; sourceTree = "<group>"; };
		BEC848D02B1FD05D0026E4EB /* RecompensasView.swift */ = {isa = PBXFileReference; lastKnownFileType = sourcecode.swift; path = RecompensasView.swift; sourceTree = "<group>"; };
/* End PBXFileReference section */

/* Begin PBXFrameworksBuildPhase section */
		AB799EFE2B1E6261004841BC /* Frameworks */ = {
			isa = PBXFrameworksBuildPhase;
			buildActionMask = 2147483647;
			files = (
			);
			runOnlyForDeploymentPostprocessing = 0;
		};
		AB799F0E2B1E6272004841BC /* Frameworks */ = {
			isa = PBXFrameworksBuildPhase;
			buildActionMask = 2147483647;
			files = (
			);
			runOnlyForDeploymentPostprocessing = 0;
		};
		AB799F182B1E6272004841BC /* Frameworks */ = {
			isa = PBXFrameworksBuildPhase;
			buildActionMask = 2147483647;
			files = (
			);
			runOnlyForDeploymentPostprocessing = 0;
		};
/* End PBXFrameworksBuildPhase section */

/* Begin PBXGroup section */
		AB799EF82B1E6261004841BC = {
			isa = PBXGroup;
			children = (
				AB799F032B1E6261004841BC /* baseProyecto */,
				AB799F142B1E6272004841BC /* baseProyectoTests */,
				AB799F1E2B1E6272004841BC /* baseProyectoUITests */,
				AB799F022B1E6261004841BC /* Products */,
			);
			sourceTree = "<group>";
		};
		AB799F022B1E6261004841BC /* Products */ = {
			isa = PBXGroup;
			children = (
				AB799F012B1E6261004841BC /* baseProyecto.app */,
				AB799F112B1E6272004841BC /* baseProyectoTests.xctest */,
				AB799F1B2B1E6272004841BC /* baseProyectoUITests.xctest */,
			);
			name = Products;
			sourceTree = "<group>";
		};
		AB799F032B1E6261004841BC /* baseProyecto */ = {
			isa = PBXGroup;
			children = (
				BEC848C52B1FA5770026E4EB /* Extensions */,
				AB799F042B1E6261004841BC /* baseProyectoApp.swift */,
				BE77BE3E2B20CAFA008CE3B9 /* ContentView.swift */,
				AB799F082B1E6272004841BC /* Assets.xcassets */,
				AB799F0A2B1E6272004841BC /* Preview Content */,
				BEC848C22B1F9C120026E4EB /* Views */,
			);
			path = baseProyecto;
			sourceTree = "<group>";
		};
		AB799F0A2B1E6272004841BC /* Preview Content */ = {
			isa = PBXGroup;
			children = (
				AB799F0B2B1E6272004841BC /* Preview Assets.xcassets */,
			);
			path = "Preview Content";
			sourceTree = "<group>";
		};
		AB799F142B1E6272004841BC /* baseProyectoTests */ = {
			isa = PBXGroup;
			children = (
				AB799F152B1E6272004841BC /* baseProyectoTests.swift */,
			);
			path = baseProyectoTests;
			sourceTree = "<group>";
		};
		AB799F1E2B1E6272004841BC /* baseProyectoUITests */ = {
			isa = PBXGroup;
			children = (
				AB799F1F2B1E6272004841BC /* baseProyectoUITests.swift */,
				AB799F212B1E6272004841BC /* baseProyectoUITestsLaunchTests.swift */,
			);
			path = baseProyectoUITests;
			sourceTree = "<group>";
		};
		BEC848C22B1F9C120026E4EB /* Views */ = {
			isa = PBXGroup;
			children = (
				BEC848C32B1F9C430026E4EB /* IntroView.swift */,
				BEC848C82B1FA6310026E4EB /* LoginView.swift */,
				BEC848CA2B1FB4CE0026E4EB /* OnBoardingView.swift */,
				BEC848CC2B1FB6290026E4EB /* HomeView.swift */,
				BEC848D02B1FD05D0026E4EB /* RecompensasView.swift */,
				BE77BE402B20DD56008CE3B9 /* LoginRegistro1View.swift */,
				BE77BE422B20DD68008CE3B9 /* LoginRegistro2View.swift */,
				BE77BE442B20E0AE008CE3B9 /* CameraView.swift */,
				BE77BE462B20E0B8008CE3B9 /* SelectPictureView.swift */,
			);
			path = Views;
			sourceTree = "<group>";
		};
		BEC848C52B1FA5770026E4EB /* Extensions */ = {
			isa = PBXGroup;
			children = (
				BEC848C62B1FA5940026E4EB /* UnderlineView.swift */,
			);
			path = Extensions;
			sourceTree = "<group>";
		};
/* End PBXGroup section */

/* Begin PBXNativeTarget section */
		AB799F002B1E6261004841BC /* baseProyecto */ = {
			isa = PBXNativeTarget;
			buildConfigurationList = AB799F252B1E6272004841BC /* Build configuration list for PBXNativeTarget "baseProyecto" */;
			buildPhases = (
				AB799EFD2B1E6261004841BC /* Sources */,
				AB799EFE2B1E6261004841BC /* Frameworks */,
				AB799EFF2B1E6261004841BC /* Resources */,
			);
			buildRules = (
			);
			dependencies = (
			);
			name = baseProyecto;
			productName = baseProyecto;
			productReference = AB799F012B1E6261004841BC /* baseProyecto.app */;
			productType = "com.apple.product-type.application";
		};
		AB799F102B1E6272004841BC /* baseProyectoTests */ = {
			isa = PBXNativeTarget;
			buildConfigurationList = AB799F282B1E6272004841BC /* Build configuration list for PBXNativeTarget "baseProyectoTests" */;
			buildPhases = (
				AB799F0D2B1E6272004841BC /* Sources */,
				AB799F0E2B1E6272004841BC /* Frameworks */,
				AB799F0F2B1E6272004841BC /* Resources */,
			);
			buildRules = (
			);
			dependencies = (
				AB799F132B1E6272004841BC /* PBXTargetDependency */,
			);
			name = baseProyectoTests;
			productName = baseProyectoTests;
			productReference = AB799F112B1E6272004841BC /* baseProyectoTests.xctest */;
			productType = "com.apple.product-type.bundle.unit-test";
		};
		AB799F1A2B1E6272004841BC /* baseProyectoUITests */ = {
			isa = PBXNativeTarget;
			buildConfigurationList = AB799F2B2B1E6272004841BC /* Build configuration list for PBXNativeTarget "baseProyectoUITests" */;
			buildPhases = (
				AB799F172B1E6272004841BC /* Sources */,
				AB799F182B1E6272004841BC /* Frameworks */,
				AB799F192B1E6272004841BC /* Resources */,
			);
			buildRules = (
			);
			dependencies = (
				AB799F1D2B1E6272004841BC /* PBXTargetDependency */,
			);
			name = baseProyectoUITests;
			productName = baseProyectoUITests;
			productReference = AB799F1B2B1E6272004841BC /* baseProyectoUITests.xctest */;
			productType = "com.apple.product-type.bundle.ui-testing";
		};
/* End PBXNativeTarget section */

/* Begin PBXProject section */
		AB799EF92B1E6261004841BC /* Project object */ = {
			isa = PBXProject;
			attributes = {
				BuildIndependentTargetsInParallel = 1;
				LastSwiftUpdateCheck = 1500;
				LastUpgradeCheck = 1500;
				TargetAttributes = {
					AB799F002B1E6261004841BC = {
						CreatedOnToolsVersion = 15.0.1;
					};
					AB799F102B1E6272004841BC = {
						CreatedOnToolsVersion = 15.0.1;
						TestTargetID = AB799F002B1E6261004841BC;
					};
					AB799F1A2B1E6272004841BC = {
						CreatedOnToolsVersion = 15.0.1;
						TestTargetID = AB799F002B1E6261004841BC;
					};
				};
			};
			buildConfigurationList = AB799EFC2B1E6261004841BC /* Build configuration list for PBXProject "baseProyecto" */;
			compatibilityVersion = "Xcode 14.0";
			developmentRegion = en;
			hasScannedForEncodings = 0;
			knownRegions = (
				en,
				Base,
			);
			mainGroup = AB799EF82B1E6261004841BC;
			productRefGroup = AB799F022B1E6261004841BC /* Products */;
			projectDirPath = "";
			projectRoot = "";
			targets = (
				AB799F002B1E6261004841BC /* baseProyecto */,
				AB799F102B1E6272004841BC /* baseProyectoTests */,
				AB799F1A2B1E6272004841BC /* baseProyectoUITests */,
			);
		};
/* End PBXProject section */

/* Begin PBXResourcesBuildPhase section */
		AB799EFF2B1E6261004841BC /* Resources */ = {
			isa = PBXResourcesBuildPhase;
			buildActionMask = 2147483647;
			files = (
				AB799F0C2B1E6272004841BC /* Preview Assets.xcassets in Resources */,
				AB799F092B1E6272004841BC /* Assets.xcassets in Resources */,
			);
			runOnlyForDeploymentPostprocessing = 0;
		};
		AB799F0F2B1E6272004841BC /* Resources */ = {
			isa = PBXResourcesBuildPhase;
			buildActionMask = 2147483647;
			files = (
			);
			runOnlyForDeploymentPostprocessing = 0;
		};
		AB799F192B1E6272004841BC /* Resources */ = {
			isa = PBXResourcesBuildPhase;
			buildActionMask = 2147483647;
			files = (
			);
			runOnlyForDeploymentPostprocessing = 0;
		};
/* End PBXResourcesBuildPhase section */

/* Begin PBXSourcesBuildPhase section */
		AB799EFD2B1E6261004841BC /* Sources */ = {
			isa = PBXSourcesBuildPhase;
			buildActionMask = 2147483647;
			files = (
				BEC848CD2B1FB6290026E4EB /* HomeView.swift in Sources */,
				BE77BE472B20E0B8008CE3B9 /* SelectPictureView.swift in Sources */,
				AB799F052B1E6261004841BC /* baseProyectoApp.swift in Sources */,
				BEC848C42B1F9C430026E4EB /* IntroView.swift in Sources */,
				BEC848CB2B1FB4CE0026E4EB /* OnBoardingView.swift in Sources */,
				BE77BE3F2B20CAFA008CE3B9 /* ContentView.swift in Sources */,
				BEC848C92B1FA6310026E4EB /* LoginView.swift in Sources */,
				BEC848D12B1FD05D0026E4EB /* RecompensasView.swift in Sources */,
				BE77BE452B20E0AE008CE3B9 /* CameraView.swift in Sources */,
				BE77BE412B20DD56008CE3B9 /* LoginRegistro1View.swift in Sources */,
				BE77BE432B20DD68008CE3B9 /* LoginRegistro2View.swift in Sources */,
				BEC848C72B1FA5940026E4EB /* UnderlineView.swift in Sources */,
			);
			runOnlyForDeploymentPostprocessing = 0;
		};
		AB799F0D2B1E6272004841BC /* Sources */ = {
			isa = PBXSourcesBuildPhase;
			buildActionMask = 2147483647;
			files = (
				AB799F162B1E6272004841BC /* baseProyectoTests.swift in Sources */,
			);
			runOnlyForDeploymentPostprocessing = 0;
		};
		AB799F172B1E6272004841BC /* Sources */ = {
			isa = PBXSourcesBuildPhase;
			buildActionMask = 2147483647;
			files = (
				AB799F222B1E6272004841BC /* baseProyectoUITestsLaunchTests.swift in Sources */,
				AB799F202B1E6272004841BC /* baseProyectoUITests.swift in Sources */,
			);
			runOnlyForDeploymentPostprocessing = 0;
		};
/* End PBXSourcesBuildPhase section */

/* Begin PBXTargetDependency section */
		AB799F132B1E6272004841BC /* PBXTargetDependency */ = {
			isa = PBXTargetDependency;
			target = AB799F002B1E6261004841BC /* baseProyecto */;
			targetProxy = AB799F122B1E6272004841BC /* PBXContainerItemProxy */;
		};
		AB799F1D2B1E6272004841BC /* PBXTargetDependency */ = {
			isa = PBXTargetDependency;
			target = AB799F002B1E6261004841BC /* baseProyecto */;
			targetProxy = AB799F1C2B1E6272004841BC /* PBXContainerItemProxy */;
		};
/* End PBXTargetDependency section */

/* Begin XCBuildConfiguration section */
		AB799F232B1E6272004841BC /* Debug */ = {
			isa = XCBuildConfiguration;
			buildSettings = {
				ALWAYS_SEARCH_USER_PATHS = NO;
				ASSETCATALOG_COMPILER_GENERATE_SWIFT_ASSET_SYMBOL_EXTENSIONS = YES;
				CLANG_ANALYZER_NONNULL = YES;
				CLANG_ANALYZER_NUMBER_OBJECT_CONVERSION = YES_AGGRESSIVE;
				CLANG_CXX_LANGUAGE_STANDARD = "gnu++20";
				CLANG_ENABLE_MODULES = YES;
				CLANG_ENABLE_OBJC_ARC = YES;
				CLANG_ENABLE_OBJC_WEAK = YES;
				CLANG_WARN_BLOCK_CAPTURE_AUTORELEASING = YES;
				CLANG_WARN_BOOL_CONVERSION = YES;
				CLANG_WARN_COMMA = YES;
				CLANG_WARN_CONSTANT_CONVERSION = YES;
				CLANG_WARN_DEPRECATED_OBJC_IMPLEMENTATIONS = YES;
				CLANG_WARN_DIRECT_OBJC_ISA_USAGE = YES_ERROR;
				CLANG_WARN_DOCUMENTATION_COMMENTS = YES;
				CLANG_WARN_EMPTY_BODY = YES;
				CLANG_WARN_ENUM_CONVERSION = YES;
				CLANG_WARN_INFINITE_RECURSION = YES;
				CLANG_WARN_INT_CONVERSION = YES;
				CLANG_WARN_NON_LITERAL_NULL_CONVERSION = YES;
				CLANG_WARN_OBJC_IMPLICIT_RETAIN_SELF = YES;
				CLANG_WARN_OBJC_LITERAL_CONVERSION = YES;
				CLANG_WARN_OBJC_ROOT_CLASS = YES_ERROR;
				CLANG_WARN_QUOTED_INCLUDE_IN_FRAMEWORK_HEADER = YES;
				CLANG_WARN_RANGE_LOOP_ANALYSIS = YES;
				CLANG_WARN_STRICT_PROTOTYPES = YES;
				CLANG_WARN_SUSPICIOUS_MOVE = YES;
				CLANG_WARN_UNGUARDED_AVAILABILITY = YES_AGGRESSIVE;
				CLANG_WARN_UNREACHABLE_CODE = YES;
				CLANG_WARN__DUPLICATE_METHOD_MATCH = YES;
				COPY_PHASE_STRIP = NO;
				DEBUG_INFORMATION_FORMAT = dwarf;
				ENABLE_STRICT_OBJC_MSGSEND = YES;
				ENABLE_TESTABILITY = YES;
				ENABLE_USER_SCRIPT_SANDBOXING = YES;
				GCC_C_LANGUAGE_STANDARD = gnu17;
				GCC_DYNAMIC_NO_PIC = NO;
				GCC_NO_COMMON_BLOCKS = YES;
				GCC_OPTIMIZATION_LEVEL = 0;
				GCC_PREPROCESSOR_DEFINITIONS = (
					"DEBUG=1",
					"$(inherited)",
				);
				GCC_WARN_64_TO_32_BIT_CONVERSION = YES;
				GCC_WARN_ABOUT_RETURN_TYPE = YES_ERROR;
				GCC_WARN_UNDECLARED_SELECTOR = YES;
				GCC_WARN_UNINITIALIZED_AUTOS = YES_AGGRESSIVE;
				GCC_WARN_UNUSED_FUNCTION = YES;
				GCC_WARN_UNUSED_VARIABLE = YES;
				IPHONEOS_DEPLOYMENT_TARGET = 17.0;
				LOCALIZATION_PREFERS_STRING_CATALOGS = YES;
				MTL_ENABLE_DEBUG_INFO = INCLUDE_SOURCE;
				MTL_FAST_MATH = YES;
				ONLY_ACTIVE_ARCH = YES;
				SDKROOT = iphoneos;
				SWIFT_ACTIVE_COMPILATION_CONDITIONS = "DEBUG $(inherited)";
				SWIFT_OPTIMIZATION_LEVEL = "-Onone";
			};
			name = Debug;
		};
		AB799F242B1E6272004841BC /* Release */ = {
			isa = XCBuildConfiguration;
			buildSettings = {
				ALWAYS_SEARCH_USER_PATHS = NO;
				ASSETCATALOG_COMPILER_GENERATE_SWIFT_ASSET_SYMBOL_EXTENSIONS = YES;
				CLANG_ANALYZER_NONNULL = YES;
				CLANG_ANALYZER_NUMBER_OBJECT_CONVERSION = YES_AGGRESSIVE;
				CLANG_CXX_LANGUAGE_STANDARD = "gnu++20";
				CLANG_ENABLE_MODULES = YES;
				CLANG_ENABLE_OBJC_ARC = YES;
				CLANG_ENABLE_OBJC_WEAK = YES;
				CLANG_WARN_BLOCK_CAPTURE_AUTORELEASING = YES;
				CLANG_WARN_BOOL_CONVERSION = YES;
				CLANG_WARN_COMMA = YES;
				CLANG_WARN_CONSTANT_CONVERSION = YES;
				CLANG_WARN_DEPRECATED_OBJC_IMPLEMENTATIONS = YES;
				CLANG_WARN_DIRECT_OBJC_ISA_USAGE = YES_ERROR;
				CLANG_WARN_DOCUMENTATION_COMMENTS = YES;
				CLANG_WARN_EMPTY_BODY = YES;
				CLANG_WARN_ENUM_CONVERSION = YES;
				CLANG_WARN_INFINITE_RECURSION = YES;
				CLANG_WARN_INT_CONVERSION = YES;
				CLANG_WARN_NON_LITERAL_NULL_CONVERSION = YES;
				CLANG_WARN_OBJC_IMPLICIT_RETAIN_SELF = YES;
				CLANG_WARN_OBJC_LITERAL_CONVERSION = YES;
				CLANG_WARN_OBJC_ROOT_CLASS = YES_ERROR;
				CLANG_WARN_QUOTED_INCLUDE_IN_FRAMEWORK_HEADER = YES;
				CLANG_WARN_RANGE_LOOP_ANALYSIS = YES;
				CLANG_WARN_STRICT_PROTOTYPES = YES;
				CLANG_WARN_SUSPICIOUS_MOVE = YES;
				CLANG_WARN_UNGUARDED_AVAILABILITY = YES_AGGRESSIVE;
				CLANG_WARN_UNREACHABLE_CODE = YES;
				CLANG_WARN__DUPLICATE_METHOD_MATCH = YES;
				COPY_PHASE_STRIP = NO;
				DEBUG_INFORMATION_FORMAT = "dwarf-with-dsym";
				ENABLE_NS_ASSERTIONS = NO;
				ENABLE_STRICT_OBJC_MSGSEND = YES;
				ENABLE_USER_SCRIPT_SANDBOXING = YES;
				GCC_C_LANGUAGE_STANDARD = gnu17;
				GCC_NO_COMMON_BLOCKS = YES;
				GCC_WARN_64_TO_32_BIT_CONVERSION = YES;
				GCC_WARN_ABOUT_RETURN_TYPE = YES_ERROR;
				GCC_WARN_UNDECLARED_SELECTOR = YES;
				GCC_WARN_UNINITIALIZED_AUTOS = YES_AGGRESSIVE;
				GCC_WARN_UNUSED_FUNCTION = YES;
				GCC_WARN_UNUSED_VARIABLE = YES;
				IPHONEOS_DEPLOYMENT_TARGET = 17.0;
				LOCALIZATION_PREFERS_STRING_CATALOGS = YES;
				MTL_ENABLE_DEBUG_INFO = NO;
				MTL_FAST_MATH = YES;
				SDKROOT = iphoneos;
				SWIFT_COMPILATION_MODE = wholemodule;
				VALIDATE_PRODUCT = YES;
			};
			name = Release;
		};
		AB799F262B1E6272004841BC /* Debug */ = {
			isa = XCBuildConfiguration;
			buildSettings = {
				ASSETCATALOG_COMPILER_APPICON_NAME = AppIcon;
				ASSETCATALOG_COMPILER_GLOBAL_ACCENT_COLOR_NAME = AccentColor;
				CODE_SIGN_STYLE = Automatic;
				CURRENT_PROJECT_VERSION = 1;
				DEVELOPMENT_ASSET_PATHS = "\"baseProyecto/Preview Content\"";
				ENABLE_PREVIEWS = YES;
				GENERATE_INFOPLIST_FILE = YES;
				INFOPLIST_KEY_UIApplicationSceneManifest_Generation = YES;
				INFOPLIST_KEY_UIApplicationSupportsIndirectInputEvents = YES;
				INFOPLIST_KEY_UILaunchScreen_Generation = YES;
				INFOPLIST_KEY_UISupportedInterfaceOrientations_iPad = "UIInterfaceOrientationPortrait UIInterfaceOrientationPortraitUpsideDown UIInterfaceOrientationLandscapeLeft UIInterfaceOrientationLandscapeRight";
				INFOPLIST_KEY_UISupportedInterfaceOrientations_iPhone = "UIInterfaceOrientationPortrait UIInterfaceOrientationLandscapeLeft UIInterfaceOrientationLandscapeRight";
				LD_RUNPATH_SEARCH_PATHS = (
					"$(inherited)",
					"@executable_path/Frameworks",
				);
				MARKETING_VERSION = 1.0;
				PRODUCT_BUNDLE_IDENTIFIER = besne.besne.baseProyecto;
				PRODUCT_NAME = "$(TARGET_NAME)";
				SWIFT_EMIT_LOC_STRINGS = YES;
				SWIFT_VERSION = 5.0;
				TARGETED_DEVICE_FAMILY = "1,2";
			};
			name = Debug;
		};
		AB799F272B1E6272004841BC /* Release */ = {
			isa = XCBuildConfiguration;
			buildSettings = {
				ASSETCATALOG_COMPILER_APPICON_NAME = AppIcon;
				ASSETCATALOG_COMPILER_GLOBAL_ACCENT_COLOR_NAME = AccentColor;
				CODE_SIGN_STYLE = Automatic;
				CURRENT_PROJECT_VERSION = 1;
				DEVELOPMENT_ASSET_PATHS = "\"baseProyecto/Preview Content\"";
				ENABLE_PREVIEWS = YES;
				GENERATE_INFOPLIST_FILE = YES;
				INFOPLIST_KEY_UIApplicationSceneManifest_Generation = YES;
				INFOPLIST_KEY_UIApplicationSupportsIndirectInputEvents = YES;
				INFOPLIST_KEY_UILaunchScreen_Generation = YES;
				INFOPLIST_KEY_UISupportedInterfaceOrientations_iPad = "UIInterfaceOrientationPortrait UIInterfaceOrientationPortraitUpsideDown UIInterfaceOrientationLandscapeLeft UIInterfaceOrientationLandscapeRight";
				INFOPLIST_KEY_UISupportedInterfaceOrientations_iPhone = "UIInterfaceOrientationPortrait UIInterfaceOrientationLandscapeLeft UIInterfaceOrientationLandscapeRight";
				LD_RUNPATH_SEARCH_PATHS = (
					"$(inherited)",
					"@executable_path/Frameworks",
				);
				MARKETING_VERSION = 1.0;
				PRODUCT_BUNDLE_IDENTIFIER = besne.besne.baseProyecto;
				PRODUCT_NAME = "$(TARGET_NAME)";
				SWIFT_EMIT_LOC_STRINGS = YES;
				SWIFT_VERSION = 5.0;
				TARGETED_DEVICE_FAMILY = "1,2";
			};
			name = Release;
		};
		AB799F292B1E6272004841BC /* Debug */ = {
			isa = XCBuildConfiguration;
			buildSettings = {
				ALWAYS_EMBED_SWIFT_STANDARD_LIBRARIES = YES;
				BUNDLE_LOADER = "$(TEST_HOST)";
				CODE_SIGN_STYLE = Automatic;
				CURRENT_PROJECT_VERSION = 1;
				GENERATE_INFOPLIST_FILE = YES;
				IPHONEOS_DEPLOYMENT_TARGET = 17.0;
				MARKETING_VERSION = 1.0;
				PRODUCT_BUNDLE_IDENTIFIER = besne.besne.baseProyectoTests;
				PRODUCT_NAME = "$(TARGET_NAME)";
				SWIFT_EMIT_LOC_STRINGS = NO;
				SWIFT_VERSION = 5.0;
				TARGETED_DEVICE_FAMILY = "1,2";
				TEST_HOST = "$(BUILT_PRODUCTS_DIR)/baseProyecto.app/$(BUNDLE_EXECUTABLE_FOLDER_PATH)/baseProyecto";
			};
			name = Debug;
		};
		AB799F2A2B1E6272004841BC /* Release */ = {
			isa = XCBuildConfiguration;
			buildSettings = {
				ALWAYS_EMBED_SWIFT_STANDARD_LIBRARIES = YES;
				BUNDLE_LOADER = "$(TEST_HOST)";
				CODE_SIGN_STYLE = Automatic;
				CURRENT_PROJECT_VERSION = 1;
				GENERATE_INFOPLIST_FILE = YES;
				IPHONEOS_DEPLOYMENT_TARGET = 17.0;
				MARKETING_VERSION = 1.0;
				PRODUCT_BUNDLE_IDENTIFIER = besne.besne.baseProyectoTests;
				PRODUCT_NAME = "$(TARGET_NAME)";
				SWIFT_EMIT_LOC_STRINGS = NO;
				SWIFT_VERSION = 5.0;
				TARGETED_DEVICE_FAMILY = "1,2";
				TEST_HOST = "$(BUILT_PRODUCTS_DIR)/baseProyecto.app/$(BUNDLE_EXECUTABLE_FOLDER_PATH)/baseProyecto";
			};
			name = Release;
		};
		AB799F2C2B1E6272004841BC /* Debug */ = {
			isa = XCBuildConfiguration;
			buildSettings = {
				ALWAYS_EMBED_SWIFT_STANDARD_LIBRARIES = YES;
				CODE_SIGN_STYLE = Automatic;
				CURRENT_PROJECT_VERSION = 1;
				GENERATE_INFOPLIST_FILE = YES;
				MARKETING_VERSION = 1.0;
				PRODUCT_BUNDLE_IDENTIFIER = besne.besne.baseProyectoUITests;
				PRODUCT_NAME = "$(TARGET_NAME)";
				SWIFT_EMIT_LOC_STRINGS = NO;
				SWIFT_VERSION = 5.0;
				TARGETED_DEVICE_FAMILY = "1,2";
				TEST_TARGET_NAME = baseProyecto;
			};
			name = Debug;
		};
		AB799F2D2B1E6272004841BC /* Release */ = {
			isa = XCBuildConfiguration;
			buildSettings = {
				ALWAYS_EMBED_SWIFT_STANDARD_LIBRARIES = YES;
				CODE_SIGN_STYLE = Automatic;
				CURRENT_PROJECT_VERSION = 1;
				GENERATE_INFOPLIST_FILE = YES;
				MARKETING_VERSION = 1.0;
				PRODUCT_BUNDLE_IDENTIFIER = besne.besne.baseProyectoUITests;
				PRODUCT_NAME = "$(TARGET_NAME)";
				SWIFT_EMIT_LOC_STRINGS = NO;
				SWIFT_VERSION = 5.0;
				TARGETED_DEVICE_FAMILY = "1,2";
				TEST_TARGET_NAME = baseProyecto;
			};
			name = Release;
		};
/* End XCBuildConfiguration section */

/* Begin XCConfigurationList section */
		AB799EFC2B1E6261004841BC /* Build configuration list for PBXProject "baseProyecto" */ = {
			isa = XCConfigurationList;
			buildConfigurations = (
				AB799F232B1E6272004841BC /* Debug */,
				AB799F242B1E6272004841BC /* Release */,
			);
			defaultConfigurationIsVisible = 0;
			defaultConfigurationName = Release;
		};
		AB799F252B1E6272004841BC /* Build configuration list for PBXNativeTarget "baseProyecto" */ = {
			isa = XCConfigurationList;
			buildConfigurations = (
				AB799F262B1E6272004841BC /* Debug */,
				AB799F272B1E6272004841BC /* Release */,
			);
			defaultConfigurationIsVisible = 0;
			defaultConfigurationName = Release;
		};
		AB799F282B1E6272004841BC /* Build configuration list for PBXNativeTarget "baseProyectoTests" */ = {
			isa = XCConfigurationList;
			buildConfigurations = (
				AB799F292B1E6272004841BC /* Debug */,
				AB799F2A2B1E6272004841BC /* Release */,
			);
			defaultConfigurationIsVisible = 0;
			defaultConfigurationName = Release;
		};
		AB799F2B2B1E6272004841BC /* Build configuration list for PBXNativeTarget "baseProyectoUITests" */ = {
			isa = XCConfigurationList;
			buildConfigurations = (
				AB799F2C2B1E6272004841BC /* Debug */,
				AB799F2D2B1E6272004841BC /* Release */,
			);
			defaultConfigurationIsVisible = 0;
			defaultConfigurationName = Release;
		};
/* End XCConfigurationList section */
	};
	rootObject = AB799EF92B1E6261004841BC /* Project object */;
}
